# THIS IS AN AUTOGENERATED FILE. DO NOT EDIT THIS FILE DIRECTLY.
# yarn lockfile v1


"@workmarket/js-utils@^5.0.0":
  version "5.0.0"
  resolved "https://registry.yarnpkg.com/@workmarket/js-utils/-/js-utils-5.0.0.tgz#1189b67ca1d1be0aca58dcd955c85dad72d24439"
  dependencies:
    immutable "~3.8.1"
    pretty-format "^22.1.0"
    ramda "~0.24.1"
    validator "~7.0.0"

"@workmarket/rowanscript@^2.1.2":
  version "2.1.2"
  resolved "https://registry.yarnpkg.com/@workmarket/rowanscript/-/rowanscript-2.1.2.tgz#e6f9d1b256a8c296af1a0b3217bd2328c1d7d142"
  dependencies:
    "@workmarket/js-utils" "^5.0.0"
    ramda "^0.25.0"
    ramda-adjunct "^2.9.0"

ansi-regex@^3.0.0:
  version "3.0.0"
  resolved "https://registry.yarnpkg.com/ansi-regex/-/ansi-regex-3.0.0.tgz#ed0317c322064f79466c02966bddb605ab37d998"

ansi-styles@^3.2.0:
  version "3.2.1"
  resolved "https://registry.yarnpkg.com/ansi-styles/-/ansi-styles-3.2.1.tgz#41fbb20243e50b12be0f04b8dedbf07520ce841d"
  dependencies:
    color-convert "^1.9.0"

color-convert@^1.9.0:
  version "1.9.2"
  resolved "https://registry.yarnpkg.com/color-convert/-/color-convert-1.9.2.tgz#49881b8fba67df12a96bdf3f56c0aab9e7913147"
  dependencies:
    color-name "1.1.1"

color-name@1.1.1:
  version "1.1.1"
  resolved "https://registry.yarnpkg.com/color-name/-/color-name-1.1.1.tgz#4b1415304cf50028ea81643643bd82ea05803689"

immutable@~3.8.1:
  version "3.8.2"
  resolved "https://registry.yarnpkg.com/immutable/-/immutable-3.8.2.tgz#c2439951455bb39913daf281376f1530e104adf3"

pretty-format@^22.1.0:
  version "22.4.3"
  resolved "https://registry.yarnpkg.com/pretty-format/-/pretty-format-22.4.3.tgz#f873d780839a9c02e9664c8a082e9ee79eaac16f"
  dependencies:
    ansi-regex "^3.0.0"
    ansi-styles "^3.2.0"

ramda-adjunct@^2.9.0:
  version "2.9.0"
  resolved "https://registry.yarnpkg.com/ramda-adjunct/-/ramda-adjunct-2.9.0.tgz#1d9b149f987c0bec77fa34caa19cc7b9b9b55021"

ramda@^0.25.0:
  version "0.25.0"
  resolved "https://registry.yarnpkg.com/ramda/-/ramda-0.25.0.tgz#8fdf68231cffa90bc2f9460390a0cb74a29b29a9"

ramda@~0.24.1:
  version "0.24.1"
  resolved "https://registry.yarnpkg.com/ramda/-/ramda-0.24.1.tgz#c3b7755197f35b8dc3502228262c4c91ddb6b857"

validator@~7.0.0:
  version "7.0.0"
  resolved "https://registry.yarnpkg.com/validator/-/validator-7.0.0.tgz#c74deb8063512fac35547938e6f0b1504a282fd2"
